
Microsoft Visual Studio Solution File, Format Version 12.00
# Visual Studio Version 16
VisualStudioVersion = 16.0.31129.286
MinimumVisualStudioVersion = 10.0.40219.1
Project("{FAE04EC0-301F-11D3-BF4B-00C04F79EFBC}") = "WebApi", "WebApi\WebApi.csproj", "{99014E8F-F0C6-49E9-A884-341C83A4DDB6}"
EndProject
Global
	GlobalSection(SolutionConfigurationPlatforms) = preSolution
		Debug|Any CPU = Debug|Any CPU
		Release|Any CPU = Release|Any CPU
	EndGlobalSection
	GlobalSection(ProjectConfigurationPlatforms) = postSolution
		{99014E8F-F0C6-49E9-A884-341C83A4DDB6}.Debug|Any CPU.ActiveCfg = Debug|Any CPU
		{99014E8F-F0C6-49E9-A884-341C83A4DDB6}.Debug|Any CPU.Build.0 = Debug|Any CPU
		{99014E8F-F0C6-49E9-A884-341C83A4DDB6}.Release|Any CPU.ActiveCfg = Release|Any CPU
		{99014E8F-F0C6-49E9-A884-341C83A4DDB6}.Release|Any CPU.Build.0 = Release|Any CPU
	EndGlobalSection
	GlobalSection(SolutionProperties) = preSolution
		HideSolutionNode = FALSE
	EndGlobalSection
	GlobalSection(ExtensibilityGlobals) = postSolution
		SolutionGuid = {2BE339E8-97A1-4883-BBD9-32A27D5A8926}
	EndGlobalSection
EndGlobal
